{
  "name": "@lythaus/authenticity-container-proof",
  "version": "0.1.0",
  "lockfileVersion": 3,
  "requires": true,
  "packages": {
    "": {
      "name": "@lythaus/authenticity-container-proof",
      "version": "0.1.0",
      "dependencies": {
        "@cloudflare/containers": "0.3.7",
        "@lythaus/authenticity": "file:../../packages/authenticity",
        "@lythaus/db": "file:../../packages/db"
      }
    },
    "../../packages/authenticity": {
      "name": "@lythaus/authenticity",
      "version": "0.1.0"
    },
    "../../packages/db": {
      "name": "@lythaus/db",
      "version": "0.1.0",
      "dependencies": {
        "pg": "^8.16.3"
      }
    },
    "node_modules/@cloudflare/containers": {
      "version": "0.3.7",
      "resolved": "https://registry.npmjs.org/@cloudflare/containers/-/containers-0.3.7.tgz",
      "integrity": "sha512-DM9dm3FnIBSyiSJ1FLavKwl/lk3oAmTaynCzZQ9pZR0ncRPquSxkxd8Nu2MFILxmDDsPkxKsSNEh9mHHMty4Fw==",
      "license": "MIT OR Apache-2.0"
    },
    "node_modules/@lythaus/authenticity": {
      "resolved": "../../packages/authenticity",
      "link": true
    },
    "node_modules/@lythaus/db": {
      "resolved": "../../packages/db",
      "link": true
    }
  }
}
